
Microsoft Visual Studio Solution File, Format Version 12.00
# Visual Studio Version 16
VisualStudioVersion = 16.0.28527.54
MinimumVisualStudioVersion = 10.0.40219.1
Project("{2150E333-8FDC-42A3-9474-1A3956D46DE8}") = "src", "src", "{CBE903BE-AD0D-4857-98E4-CCA1AD73902E}"
EndProject
Project("{9A19103F-16F7-4668-BE54-9A1E7A4F7556}") = "Problem.Application", "src\Problem.Application\Problem.Application.csproj", "{788EBFEF-7A50-4AB7-807A-4147D49E237E}"
EndProject
Project("{9A19103F-16F7-4668-BE54-9A1E7A4F7556}") = "Problem.EntityFramework", "src\Problem.EntityFramework\Problem.EntityFramework.csproj", "{73195EBE-BDE4-428C-865D-E7F589F3DD52}"
EndProject
Project("{9A19103F-16F7-4668-BE54-9A1E7A4F7556}") = "Problem.Utilities", "src\Problem.Utilities\Problem.Utilities.csproj", "{12016ADA-4C14-4D82-88A9-2A2A65A8F869}"
EndProject
Project("{9A19103F-16F7-4668-BE54-9A1E7A4F7556}") = "Problem.Web.Core", "src\Problem.Web.Core\Problem.Web.Core.csproj", "{FFDC2C0F-1B2A-4311-85F9-CE9716696F50}"
EndProject
Project("{9A19103F-16F7-4668-BE54-9A1E7A4F7556}") = "Problem.Core", "src\Problem.Core\Problem.Core.csproj", "{4BBE5781-7BF2-4F9C-8FBC-8C9FD5F03FE5}"
EndProject
Project("{9A19103F-16F7-4668-BE54-9A1E7A4F7556}") = "Problem.Web.Api", "src\Problem.Web.Api\Problem.Web.Api.csproj", "{3BCD7CDA-7CDC-44A7-873F-47BF714EEC7C}"
EndProject
Global
	GlobalSection(SolutionConfigurationPlatforms) = preSolution
		Debug|Any CPU = Debug|Any CPU
		Release|Any CPU = Release|Any CPU
	EndGlobalSection
	GlobalSection(ProjectConfigurationPlatforms) = postSolution
		{788EBFEF-7A50-4AB7-807A-4147D49E237E}.Debug|Any CPU.ActiveCfg = Debug|Any CPU
		{788EBFEF-7A50-4AB7-807A-4147D49E237E}.Debug|Any CPU.Build.0 = Debug|Any CPU
		{788EBFEF-7A50-4AB7-807A-4147D49E237E}.Release|Any CPU.ActiveCfg = Release|Any CPU
		{788EBFEF-7A50-4AB7-807A-4147D49E237E}.Release|Any CPU.Build.0 = Release|Any CPU
		{73195EBE-BDE4-428C-865D-E7F589F3DD52}.Debug|Any CPU.ActiveCfg = Debug|Any CPU
		{73195EBE-BDE4-428C-865D-E7F589F3DD52}.Debug|Any CPU.Build.0 = Debug|Any CPU
		{73195EBE-BDE4-428C-865D-E7F589F3DD52}.Release|Any CPU.ActiveCfg = Release|Any CPU
		{73195EBE-BDE4-428C-865D-E7F589F3DD52}.Release|Any CPU.Build.0 = Release|Any CPU
		{12016ADA-4C14-4D82-88A9-2A2A65A8F869}.Debug|Any CPU.ActiveCfg = Debug|Any CPU
		{12016ADA-4C14-4D82-88A9-2A2A65A8F869}.Debug|Any CPU.Build.0 = Debug|Any CPU
		{12016ADA-4C14-4D82-88A9-2A2A65A8F869}.Release|Any CPU.ActiveCfg = Release|Any CPU
		{12016ADA-4C14-4D82-88A9-2A2A65A8F869}.Release|Any CPU.Build.0 = Release|Any CPU
		{FFDC2C0F-1B2A-4311-85F9-CE9716696F50}.Debug|Any CPU.ActiveCfg = Debug|Any CPU
		{FFDC2C0F-1B2A-4311-85F9-CE9716696F50}.Debug|Any CPU.Build.0 = Debug|Any CPU
		{FFDC2C0F-1B2A-4311-85F9-CE9716696F50}.Release|Any CPU.ActiveCfg = Release|Any CPU
		{FFDC2C0F-1B2A-4311-85F9-CE9716696F50}.Release|Any CPU.Build.0 = Release|Any CPU
		{4BBE5781-7BF2-4F9C-8FBC-8C9FD5F03FE5}.Debug|Any CPU.ActiveCfg = Debug|Any CPU
		{4BBE5781-7BF2-4F9C-8FBC-8C9FD5F03FE5}.Debug|Any CPU.Build.0 = Debug|Any CPU
		{4BBE5781-7BF2-4F9C-8FBC-8C9FD5F03FE5}.Release|Any CPU.ActiveCfg = Release|Any CPU
		{4BBE5781-7BF2-4F9C-8FBC-8C9FD5F03FE5}.Release|Any CPU.Build.0 = Release|Any CPU
		{3BCD7CDA-7CDC-44A7-873F-47BF714EEC7C}.Debug|Any CPU.ActiveCfg = Debug|Any CPU
		{3BCD7CDA-7CDC-44A7-873F-47BF714EEC7C}.Debug|Any CPU.Build.0 = Debug|Any CPU
		{3BCD7CDA-7CDC-44A7-873F-47BF714EEC7C}.Release|Any CPU.ActiveCfg = Release|Any CPU
		{3BCD7CDA-7CDC-44A7-873F-47BF714EEC7C}.Release|Any CPU.Build.0 = Release|Any CPU
	EndGlobalSection
	GlobalSection(SolutionProperties) = preSolution
		HideSolutionNode = FALSE
	EndGlobalSection
	GlobalSection(NestedProjects) = preSolution
		{788EBFEF-7A50-4AB7-807A-4147D49E237E} = {CBE903BE-AD0D-4857-98E4-CCA1AD73902E}
		{73195EBE-BDE4-428C-865D-E7F589F3DD52} = {CBE903BE-AD0D-4857-98E4-CCA1AD73902E}
		{12016ADA-4C14-4D82-88A9-2A2A65A8F869} = {CBE903BE-AD0D-4857-98E4-CCA1AD73902E}
		{FFDC2C0F-1B2A-4311-85F9-CE9716696F50} = {CBE903BE-AD0D-4857-98E4-CCA1AD73902E}
		{4BBE5781-7BF2-4F9C-8FBC-8C9FD5F03FE5} = {CBE903BE-AD0D-4857-98E4-CCA1AD73902E}
		{3BCD7CDA-7CDC-44A7-873F-47BF714EEC7C} = {CBE903BE-AD0D-4857-98E4-CCA1AD73902E}
	EndGlobalSection
	GlobalSection(ExtensibilityGlobals) = postSolution
		SolutionGuid = {88064184-5E5C-4366-AA19-B3A9D50666E1}
	EndGlobalSection
EndGlobal
